
Microsoft Visual Studio Solution File, Format Version 12.00
# Visual Studio Version 17
VisualStudioVersion = 17.0.31903.59
MinimumVisualStudioVersion = 10.0.40219.1
Project("{FAE04EC0-301F-11D3-BF4B-00C04F79EFBC}") = "DotTiled", "DotTiled\DotTiled.csproj", "{80A60DE7-D6AE-4CC7-825F-75308D83F36D}"
EndProject
Project("{FAE04EC0-301F-11D3-BF4B-00C04F79EFBC}") = "DotTiled.Tests", "DotTiled.Tests\DotTiled.Tests.csproj", "{C1311A5A-5206-467C-B323-B131CA11FDB8}"
EndProject
Global
	GlobalSection(SolutionConfigurationPlatforms) = preSolution
		Debug|Any CPU = Debug|Any CPU
		Release|Any CPU = Release|Any CPU
	EndGlobalSection
	GlobalSection(SolutionProperties) = preSolution
		HideSolutionNode = FALSE
	EndGlobalSection
	GlobalSection(ProjectConfigurationPlatforms) = postSolution
		{80A60DE7-D6AE-4CC7-825F-75308D83F36D}.Debug|Any CPU.ActiveCfg = Debug|Any CPU
		{80A60DE7-D6AE-4CC7-825F-75308D83F36D}.Debug|Any CPU.Build.0 = Debug|Any CPU
		{80A60DE7-D6AE-4CC7-825F-75308D83F36D}.Release|Any CPU.ActiveCfg = Release|Any CPU
		{80A60DE7-D6AE-4CC7-825F-75308D83F36D}.Release|Any CPU.Build.0 = Release|Any CPU
		{C1311A5A-5206-467C-B323-B131CA11FDB8}.Debug|Any CPU.ActiveCfg = Debug|Any CPU
		{C1311A5A-5206-467C-B323-B131CA11FDB8}.Debug|Any CPU.Build.0 = Debug|Any CPU
		{C1311A5A-5206-467C-B323-B131CA11FDB8}.Release|Any CPU.ActiveCfg = Release|Any CPU
		{C1311A5A-5206-467C-B323-B131CA11FDB8}.Release|Any CPU.Build.0 = Release|Any CPU
	EndGlobalSection
EndGlobal
